
Microsoft Visual Studio Solution File, Format Version 11.00
# Visual Studio 2010
Project("{FAE04EC0-301F-11D3-BF4B-00C04F79EFBC}") = "WiCHO_git", "Assembly-CSharp-firstpass.csproj", "{3346A173-7F96-23EF-8221-4D6DFEEF7CB3}"
EndProject
Project("{FAE04EC0-301F-11D3-BF4B-00C04F79EFBC}") = "WiCHO_git", "Assembly-CSharp.csproj", "{88BA07AC-DDBF-64BC-28D4-2EDF55F356F0}"
EndProject
Project("{FAE04EC0-301F-11D3-BF4B-00C04F79EFBC}") = "WiCHO_git", "Assembly-CSharp-Editor-firstpass.csproj", "{02DEE669-4983-1077-BD63-F84591EBC48C}"
EndProject
Project("{FAE04EC0-301F-11D3-BF4B-00C04F79EFBC}") = "WiCHO_git", "Assembly-CSharp-Editor.csproj", "{F4A0DE50-2F85-083A-C7E8-37F183240964}"
EndProject
Global
	GlobalSection(SolutionConfigurationPlatforms) = preSolution
		Debug|Any CPU = Debug|Any CPU
		Release|Any CPU = Release|Any CPU
	EndGlobalSection
	GlobalSection(ProjectConfigurationPlatforms) = postSolution
		{3346A173-7F96-23EF-8221-4D6DFEEF7CB3}.Debug|Any CPU.ActiveCfg = Debug|Any CPU
		{3346A173-7F96-23EF-8221-4D6DFEEF7CB3}.Debug|Any CPU.Build.0 = Debug|Any CPU
		{3346A173-7F96-23EF-8221-4D6DFEEF7CB3}.Release|Any CPU.ActiveCfg = Release|Any CPU
		{3346A173-7F96-23EF-8221-4D6DFEEF7CB3}.Release|Any CPU.Build.0 = Release|Any CPU
		{88BA07AC-DDBF-64BC-28D4-2EDF55F356F0}.Debug|Any CPU.ActiveCfg = Debug|Any CPU
		{88BA07AC-DDBF-64BC-28D4-2EDF55F356F0}.Debug|Any CPU.Build.0 = Debug|Any CPU
		{88BA07AC-DDBF-64BC-28D4-2EDF55F356F0}.Release|Any CPU.ActiveCfg = Release|Any CPU
		{88BA07AC-DDBF-64BC-28D4-2EDF55F356F0}.Release|Any CPU.Build.0 = Release|Any CPU
		{02DEE669-4983-1077-BD63-F84591EBC48C}.Debug|Any CPU.ActiveCfg = Debug|Any CPU
		{02DEE669-4983-1077-BD63-F84591EBC48C}.Debug|Any CPU.Build.0 = Debug|Any CPU
		{02DEE669-4983-1077-BD63-F84591EBC48C}.Release|Any CPU.ActiveCfg = Release|Any CPU
		{02DEE669-4983-1077-BD63-F84591EBC48C}.Release|Any CPU.Build.0 = Release|Any CPU
		{F4A0DE50-2F85-083A-C7E8-37F183240964}.Debug|Any CPU.ActiveCfg = Debug|Any CPU
		{F4A0DE50-2F85-083A-C7E8-37F183240964}.Debug|Any CPU.Build.0 = Debug|Any CPU
		{F4A0DE50-2F85-083A-C7E8-37F183240964}.Release|Any CPU.ActiveCfg = Release|Any CPU
		{F4A0DE50-2F85-083A-C7E8-37F183240964}.Release|Any CPU.Build.0 = Release|Any CPU
	EndGlobalSection
	GlobalSection(SolutionProperties) = preSolution
		HideSolutionNode = FALSE
	EndGlobalSection
	GlobalSection(MonoDevelopProperties) = preSolution
		StartupItem = Assembly-CSharp.csproj
	EndGlobalSection
EndGlobal
